Microsoft Visual Studio Solution File, Format Version 12.00
# Visual Studio Version 17
VisualStudioVersion = 17.5.2.0
MinimumVisualStudioVersion = 10.0.40219.1
Project("{FAE04EC0-301F-11D3-BF4B-00C04F79EFBC}") = "Hagrids CMS", "Hagrids CMS.csproj", "{6468B593-A1E5-F0F8-63C9-58F63D27E885}"
EndProject
Global
	GlobalSection(SolutionConfigurationPlatforms) = preSolution
		Debug|Any CPU = Debug|Any CPU
		Release|Any CPU = Release|Any CPU
	EndGlobalSection
	GlobalSection(ProjectConfigurationPlatforms) = postSolution
		{6468B593-A1E5-F0F8-63C9-58F63D27E885}.Debug|Any CPU.ActiveCfg = Debug|Any CPU
		{6468B593-A1E5-F0F8-63C9-58F63D27E885}.Debug|Any CPU.Build.0 = Debug|Any CPU
		{6468B593-A1E5-F0F8-63C9-58F63D27E885}.Release|Any CPU.ActiveCfg = Release|Any CPU
		{6468B593-A1E5-F0F8-63C9-58F63D27E885}.Release|Any CPU.Build.0 = Release|Any CPU
	EndGlobalSection
	GlobalSection(SolutionProperties) = preSolution
		HideSolutionNode = FALSE
	EndGlobalSection
	GlobalSection(ExtensibilityGlobals) = postSolution
		SolutionGuid = {46328878-476A-40BA-8539-AD945A9FF12D}
	EndGlobalSection
EndGlobal
